
Microsoft Visual Studio Solution File, Format Version 12.00
# Visual Studio 15
VisualStudioVersion = 15.0.27703.2000
MinimumVisualStudioVersion = 10.0.40219.1
Project("{9A19103F-16F7-4668-BE54-9A1E7A4F7556}") = "SistemaGestaoVigilanciaGP2018", "SistemaGestaoVigilanciaGP2018\SistemaGestaoVigilanciaGP2018.csproj", "{6427A2B9-E89A-4795-A6BB-029030E14B28}"
EndProject
Project("{FAE04EC0-301F-11D3-BF4B-00C04F79EFBC}") = "XUnitTestt", "XUnitTestt\XUnitTestt.csproj", "{43C9DBE3-AA98-4C74-B374-1AC73F03B353}"
EndProject
Global
	GlobalSection(SolutionConfigurationPlatforms) = preSolution
		Debug|Any CPU = Debug|Any CPU
		Debug|ARM = Debug|ARM
		Debug|x64 = Debug|x64
		Debug|x86 = Debug|x86
		Release|Any CPU = Release|Any CPU
		Release|ARM = Release|ARM
		Release|x64 = Release|x64
		Release|x86 = Release|x86
	EndGlobalSection
	GlobalSection(ProjectConfigurationPlatforms) = postSolution
		{6427A2B9-E89A-4795-A6BB-029030E14B28}.Debug|Any CPU.ActiveCfg = Debug|Any CPU
		{6427A2B9-E89A-4795-A6BB-029030E14B28}.Debug|Any CPU.Build.0 = Debug|Any CPU
		{6427A2B9-E89A-4795-A6BB-029030E14B28}.Debug|ARM.ActiveCfg = Debug|Any CPU
		{6427A2B9-E89A-4795-A6BB-029030E14B28}.Debug|ARM.Build.0 = Debug|Any CPU
		{6427A2B9-E89A-4795-A6BB-029030E14B28}.Debug|x64.ActiveCfg = Debug|Any CPU
		{6427A2B9-E89A-4795-A6BB-029030E14B28}.Debug|x64.Build.0 = Debug|Any CPU
		{6427A2B9-E89A-4795-A6BB-029030E14B28}.Debug|x86.ActiveCfg = Debug|Any CPU
		{6427A2B9-E89A-4795-A6BB-029030E14B28}.Debug|x86.Build.0 = Debug|Any CPU
		{6427A2B9-E89A-4795-A6BB-029030E14B28}.Release|Any CPU.ActiveCfg = Release|Any CPU
		{6427A2B9-E89A-4795-A6BB-029030E14B28}.Release|Any CPU.Build.0 = Release|Any CPU
		{6427A2B9-E89A-4795-A6BB-029030E14B28}.Release|ARM.ActiveCfg = Release|Any CPU
		{6427A2B9-E89A-4795-A6BB-029030E14B28}.Release|ARM.Build.0 = Release|Any CPU
		{6427A2B9-E89A-4795-A6BB-029030E14B28}.Release|x64.ActiveCfg = Release|Any CPU
		{6427A2B9-E89A-4795-A6BB-029030E14B28}.Release|x64.Build.0 = Release|Any CPU
		{6427A2B9-E89A-4795-A6BB-029030E14B28}.Release|x86.ActiveCfg = Release|Any CPU
		{6427A2B9-E89A-4795-A6BB-029030E14B28}.Release|x86.Build.0 = Release|Any CPU
		{43C9DBE3-AA98-4C74-B374-1AC73F03B353}.Debug|Any CPU.ActiveCfg = Debug|Any CPU
		{43C9DBE3-AA98-4C74-B374-1AC73F03B353}.Debug|Any CPU.Build.0 = Debug|Any CPU
		{43C9DBE3-AA98-4C74-B374-1AC73F03B353}.Debug|ARM.ActiveCfg = Debug|Any CPU
		{43C9DBE3-AA98-4C74-B374-1AC73F03B353}.Debug|ARM.Build.0 = Debug|Any CPU
		{43C9DBE3-AA98-4C74-B374-1AC73F03B353}.Debug|x64.ActiveCfg = Debug|Any CPU
		{43C9DBE3-AA98-4C74-B374-1AC73F03B353}.Debug|x64.Build.0 = Debug|Any CPU
		{43C9DBE3-AA98-4C74-B374-1AC73F03B353}.Debug|x86.ActiveCfg = Debug|Any CPU
		{43C9DBE3-AA98-4C74-B374-1AC73F03B353}.Debug|x86.Build.0 = Debug|Any CPU
		{43C9DBE3-AA98-4C74-B374-1AC73F03B353}.Release|Any CPU.ActiveCfg = Release|Any CPU
		{43C9DBE3-AA98-4C74-B374-1AC73F03B353}.Release|Any CPU.Build.0 = Release|Any CPU
		{43C9DBE3-AA98-4C74-B374-1AC73F03B353}.Release|ARM.ActiveCfg = Release|Any CPU
		{43C9DBE3-AA98-4C74-B374-1AC73F03B353}.Release|ARM.Build.0 = Release|Any CPU
		{43C9DBE3-AA98-4C74-B374-1AC73F03B353}.Release|x64.ActiveCfg = Release|Any CPU
		{43C9DBE3-AA98-4C74-B374-1AC73F03B353}.Release|x64.Build.0 = Release|Any CPU
		{43C9DBE3-AA98-4C74-B374-1AC73F03B353}.Release|x86.ActiveCfg = Release|Any CPU
		{43C9DBE3-AA98-4C74-B374-1AC73F03B353}.Release|x86.Build.0 = Release|Any CPU
	EndGlobalSection
	GlobalSection(SolutionProperties) = preSolution
		HideSolutionNode = FALSE
	EndGlobalSection
	GlobalSection(ExtensibilityGlobals) = postSolution
		SolutionGuid = {6DB02BF4-0C0F-4149-B695-CC66388CFA03}
	EndGlobalSection
EndGlobal
